
Microsoft Visual Studio Solution File, Format Version 12.00
# Visual Studio Version 17
VisualStudioVersion = 17.8.34525.116
MinimumVisualStudioVersion = 10.0.40219.1
Project("{FAE04EC0-301F-11D3-BF4B-00C04F79EFBC}") = "ModulTestinPraxis", "ModulTestinPraxis\ModulTestinPraxis.csproj", "{86E590C5-970F-4987-B572-E1DC9F360BB3}"
EndProject
Project("{FAE04EC0-301F-11D3-BF4B-00C04F79EFBC}") = "MudulTest", "MudulTest\MudulTest.csproj", "{DA657984-9359-41B0-B08E-7855CC4FB174}"
EndProject
Global
	GlobalSection(SolutionConfigurationPlatforms) = preSolution
		Debug|Any CPU = Debug|Any CPU
		Release|Any CPU = Release|Any CPU
	EndGlobalSection
	GlobalSection(ProjectConfigurationPlatforms) = postSolution
		{86E590C5-970F-4987-B572-E1DC9F360BB3}.Debug|Any CPU.ActiveCfg = Debug|Any CPU
		{86E590C5-970F-4987-B572-E1DC9F360BB3}.Debug|Any CPU.Build.0 = Debug|Any CPU
		{86E590C5-970F-4987-B572-E1DC9F360BB3}.Release|Any CPU.ActiveCfg = Release|Any CPU
		{86E590C5-970F-4987-B572-E1DC9F360BB3}.Release|Any CPU.Build.0 = Release|Any CPU
		{DA657984-9359-41B0-B08E-7855CC4FB174}.Debug|Any CPU.ActiveCfg = Debug|Any CPU
		{DA657984-9359-41B0-B08E-7855CC4FB174}.Debug|Any CPU.Build.0 = Debug|Any CPU
		{DA657984-9359-41B0-B08E-7855CC4FB174}.Release|Any CPU.ActiveCfg = Release|Any CPU
		{DA657984-9359-41B0-B08E-7855CC4FB174}.Release|Any CPU.Build.0 = Release|Any CPU
	EndGlobalSection
	GlobalSection(SolutionProperties) = preSolution
		HideSolutionNode = FALSE
	EndGlobalSection
	GlobalSection(ExtensibilityGlobals) = postSolution
		SolutionGuid = {C4FF5E22-094F-4A7B-AE37-5049CE1E5956}
	EndGlobalSection
EndGlobal
